{
  "version": 4,
  "terraform_version": "1.15.7",
  "serial": 18,
  "lineage": "8a0fc019-6b9c-d577-0b49-4a4c7212df25",
  "outputs": {
    "ollama_public_ip": {
      "value": "13.201.72.135",
      "type": "string"
    },
    "openwebui_public_ip": {
      "value": "65.2.169.104",
      "type": "string"
    }
  },
  "resources": [
    {
      "mode": "managed",
      "type": "aws_instance",
      "name": "ollama",
      "provider": "provider[\"registry.terraform.io/hashicorp/aws\"]",
      "instances": [
        {
          "schema_version": 1,
          "attributes": {
            "ami": "ami-0f5ee92e2d63afc18",
            "arn": "arn:aws:ec2:ap-south-1:416153530553:instance/i-08e8f8d764f1635df",
            "associate_public_ip_address": true,
            "availability_zone": "ap-south-1a",
            "capacity_reservation_specification": [
              {
                "capacity_reservation_preference": "open",
                "capacity_reservation_target": []
              }
            ],
            "cpu_core_count": 1,
            "cpu_options": [
              {
                "amd_sev_snp": "",
                "core_count": 1,
                "threads_per_core": 2
              }
            ],
            "cpu_threads_per_core": 2,
            "credit_specification": [
              {
                "cpu_credits": "unlimited"
              }
            ],
            "disable_api_stop": false,
            "disable_api_termination": false,
            "ebs_block_device": [],
            "ebs_optimized": false,
            "enable_primary_ipv6": null,
            "enclave_options": [
              {
                "enabled": false
              }
            ],
            "ephemeral_block_device": [],
            "get_password_data": false,
            "hibernation": false,
            "host_id": "",
            "host_resource_group_arn": null,
            "iam_instance_profile": "",
            "id": "i-08e8f8d764f1635df",
            "instance_initiated_shutdown_behavior": "stop",
            "instance_lifecycle": "",
            "instance_market_options": [],
            "instance_state": "running",
            "instance_type": "t3.micro",
            "ipv6_address_count": 0,
            "ipv6_addresses": [],
            "key_name": "ai-infrastructure-key",
            "launch_template": [],
            "maintenance_options": [
              {
                "auto_recovery": "default"
              }
            ],
            "metadata_options": [
              {
                "http_endpoint": "enabled",
                "http_protocol_ipv6": "disabled",
                "http_put_response_hop_limit": 1,
                "http_tokens": "optional",
                "instance_metadata_tags": "disabled"
              }
            ],
            "monitoring": false,
            "network_interface": [],
            "outpost_arn": "",
            "password_data": "",
            "placement_group": "",
            "placement_partition_number": 0,
            "primary_network_interface_id": "eni-0729e2e5d32c9c4dc",
            "private_dns": "ip-10-0-1-183.ap-south-1.compute.internal",
            "private_dns_name_options": [
              {
                "enable_resource_name_dns_a_record": false,
                "enable_resource_name_dns_aaaa_record": false,
                "hostname_type": "ip-name"
              }
            ],
            "private_ip": "10.0.1.183",
            "public_dns": "ec2-13-201-72-135.ap-south-1.compute.amazonaws.com",
            "public_ip": "13.201.72.135",
            "root_block_device": [
              {
                "delete_on_termination": true,
                "device_name": "/dev/sda1",
                "encrypted": false,
                "iops": 100,
                "kms_key_id": "",
                "tags": {},
                "tags_all": {},
                "throughput": 0,
                "volume_id": "vol-0706500e2b2f37e2c",
                "volume_size": 8,
                "volume_type": "gp2"
              }
            ],
            "secondary_private_ips": [],
            "security_groups": [],
            "source_dest_check": true,
            "spot_instance_request_id": "",
            "subnet_id": "subnet-07e312e21926b8b2c",
            "tags": {
              "Name": "ollama-server"
            },
            "tags_all": {
              "Name": "ollama-server"
            },
            "tenancy": "default",
            "timeouts": null,
            "user_data": null,
            "user_data_base64": null,
            "user_data_replace_on_change": false,
            "volume_tags": null,
            "vpc_security_group_ids": [
              "sg-0277452d2c340ecfd"
            ]
          },
          "sensitive_attributes": [],
          "identity_schema_version": 0,
          "private": "eyJlMmJmYjczMC1lY2FhLTExZTYtOGY4OC0zNDM2M2JjN2M0YzAiOnsiY3JlYXRlIjo2MDAwMDAwMDAwMDAsImRlbGV0ZSI6MTIwMDAwMDAwMDAwMCwicmVhZCI6OTAwMDAwMDAwMDAwLCJ1cGRhdGUiOjYwMDAwMDAwMDAwMH0sInNjaGVtYV92ZXJzaW9uIjoiMSJ9",
          "dependencies": [
            "aws_key_pair.ai_key",
            "aws_security_group.ai_servers",
            "aws_subnet.public",
            "aws_vpc.main",
            "tls_private_key.ssh_key"
          ]
        }
      ]
    },
    {
      "mode": "managed",
      "type": "aws_instance",
      "name": "openwebui",
      "provider": "provider[\"registry.terraform.io/hashicorp/aws\"]",
      "instances": [
        {
          "schema_version": 1,
          "attributes": {
            "ami": "ami-0f5ee92e2d63afc18",
            "arn": "arn:aws:ec2:ap-south-1:416153530553:instance/i-0d3eb5ac16b668bed",
            "associate_public_ip_address": true,
            "availability_zone": "ap-south-1a",
            "capacity_reservation_specification": [
              {
                "capacity_reservation_preference": "open",
                "capacity_reservation_target": []
              }
            ],
            "cpu_core_count": 1,
            "cpu_options": [
              {
                "amd_sev_snp": "",
                "core_count": 1,
                "threads_per_core": 2
              }
            ],
            "cpu_threads_per_core": 2,
            "credit_specification": [
              {
                "cpu_credits": "unlimited"
              }
            ],
            "disable_api_stop": false,
            "disable_api_termination": false,
            "ebs_block_device": [],
            "ebs_optimized": false,
            "enable_primary_ipv6": null,
            "enclave_options": [
              {
                "enabled": false
              }
            ],
            "ephemeral_block_device": [],
            "get_password_data": false,
            "hibernation": false,
            "host_id": "",
            "host_resource_group_arn": null,
            "iam_instance_profile": "",
            "id": "i-0d3eb5ac16b668bed",
            "instance_initiated_shutdown_behavior": "stop",
            "instance_lifecycle": "",
            "instance_market_options": [],
            "instance_state": "running",
            "instance_type": "t3.micro",
            "ipv6_address_count": 0,
            "ipv6_addresses": [],
            "key_name": "ai-infrastructure-key",
            "launch_template": [],
            "maintenance_options": [
              {
                "auto_recovery": "default"
              }
            ],
            "metadata_options": [
              {
                "http_endpoint": "enabled",
                "http_protocol_ipv6": "disabled",
                "http_put_response_hop_limit": 1,
                "http_tokens": "optional",
                "instance_metadata_tags": "disabled"
              }
            ],
            "monitoring": false,
            "network_interface": [],
            "outpost_arn": "",
            "password_data": "",
            "placement_group": "",
            "placement_partition_number": 0,
            "primary_network_interface_id": "eni-08d077a911ed98cd6",
            "private_dns": "ip-10-0-1-57.ap-south-1.compute.internal",
            "private_dns_name_options": [
              {
                "enable_resource_name_dns_a_record": false,
                "enable_resource_name_dns_aaaa_record": false,
                "hostname_type": "ip-name"
              }
            ],
            "private_ip": "10.0.1.57",
            "public_dns": "ec2-65-2-169-104.ap-south-1.compute.amazonaws.com",
            "public_ip": "65.2.169.104",
            "root_block_device": [
              {
                "delete_on_termination": true,
                "device_name": "/dev/sda1",
                "encrypted": false,
                "iops": 100,
                "kms_key_id": "",
                "tags": {},
                "tags_all": {},
                "throughput": 0,
                "volume_id": "vol-086f37be22540d294",
                "volume_size": 8,
                "volume_type": "gp2"
              }
            ],
            "secondary_private_ips": [],
            "security_groups": [],
            "source_dest_check": true,
            "spot_instance_request_id": "",
            "subnet_id": "subnet-07e312e21926b8b2c",
            "tags": {
              "Name": "openwebui-server"
            },
            "tags_all": {
              "Name": "openwebui-server"
            },
            "tenancy": "default",
            "timeouts": null,
            "user_data": null,
            "user_data_base64": null,
            "user_data_replace_on_change": false,
            "volume_tags": null,
            "vpc_security_group_ids": [
              "sg-0277452d2c340ecfd"
            ]
          },
          "sensitive_attributes": [],
          "identity_schema_version": 0,
          "private": "eyJlMmJmYjczMC1lY2FhLTExZTYtOGY4OC0zNDM2M2JjN2M0YzAiOnsiY3JlYXRlIjo2MDAwMDAwMDAwMDAsImRlbGV0ZSI6MTIwMDAwMDAwMDAwMCwicmVhZCI6OTAwMDAwMDAwMDAwLCJ1cGRhdGUiOjYwMDAwMDAwMDAwMH0sInNjaGVtYV92ZXJzaW9uIjoiMSJ9",
          "dependencies": [
            "aws_key_pair.ai_key",
            "aws_security_group.ai_servers",
            "aws_subnet.public",
            "aws_vpc.main",
            "tls_private_key.ssh_key"
          ]
        }
      ]
    },
    {
      "mode": "managed",
      "type": "aws_internet_gateway",
      "name": "main",
      "provider": "provider[\"registry.terraform.io/hashicorp/aws\"]",
      "instances": [
        {
          "schema_version": 0,
          "attributes": {
            "arn": "arn:aws:ec2:ap-south-1:416153530553:internet-gateway/igw-08796195762ea1aaa",
            "id": "igw-08796195762ea1aaa",
            "owner_id": "416153530553",
            "tags": {
              "Name": "ai-infrastructure-igw"
            },
            "tags_all": {
              "Name": "ai-infrastructure-igw"
            },
            "timeouts": null,
            "vpc_id": "vpc-0be3051b4a01fc16d"
          },
          "sensitive_attributes": [],
          "identity_schema_version": 0,
          "private": "eyJlMmJmYjczMC1lY2FhLTExZTYtOGY4OC0zNDM2M2JjN2M0YzAiOnsiY3JlYXRlIjoxMjAwMDAwMDAwMDAwLCJkZWxldGUiOjEyMDAwMDAwMDAwMDAsInVwZGF0ZSI6MTIwMDAwMDAwMDAwMH19",
          "dependencies": [
            "aws_vpc.main"
          ]
        }
      ]
    },
    {
      "mode": "managed",
      "type": "aws_key_pair",
      "name": "ai_key",
      "provider": "provider[\"registry.terraform.io/hashicorp/aws\"]",
      "instances": [
        {
          "schema_version": 1,
          "attributes": {
            "arn": "arn:aws:ec2:ap-south-1:416153530553:key-pair/ai-infrastructure-key",
            "fingerprint": "d4:6d:d9:b5:60:3f:b2:5c:b2:6f:a2:e9:b6:c3:6c:ea",
            "id": "ai-infrastructure-key",
            "key_name": "ai-infrastructure-key",
            "key_name_prefix": "",
            "key_pair_id": "key-0916bd0eff557805a",
            "key_type": "rsa",
            "public_key": "ssh-rsa AAAAB3NzaC1yc2EAAAADAQABAAACAQDRkTo/hJRSage36mH0WnhB9/RmHNR6vgWMptXWVjiq8kY539pgoK8wTpOuocsPzfDtQhGCwcyfHCBcaOFqY/dkh4xmiWzx+XSgNTXW2p/MlAychtUHhb1kSlttrGst78u86qHXHZ6TsQ8dSVFiqV20QMPJghizkI6bFllHcgmlQSctrzcL/cwezyOrEdWZ5pZb1cKSY09BVyxltaOBNfYX1MsnpbPuK8s58/HEaStcQ+bmDiW6XjRKwuJKQvCRUguwA8epMIiZFIaJJWhwluU+8VzdgGaq7ZXMnYgjHITuoWxC1dG/zkkY+ixWgMNIBLv+8rEKtZB4VovK0R+C+h+GI8ujPcLnzA2URMvnkdDf6vX2P0SGbeaa/X+EP5nrNo+2Rwl7yJU18XJP/3dJEz6yH+kI1393pxsEuw8cCUHlbMjKU6gH7LFLO9ApEaZlMIpxu/4MvFJyWOIGP9FFoiLAN7C9OoW/aeCM1B22XnSOYyLjh1iz0pp6Xm4p6fX2sWHYn2IV7Qc/J1rygsxyy+tOrNo5J++hiZfXtqZQnGeRJ9h/3pDLunksj9R3zpmi7K5HR+TmhDhFKsL+XLjZiBGxGyLabSoOeo9iWgKMuf/cVAhOmiimTfznuLX4jRyB6pfxIYHSpP2phVTb2o2XCQN5DxfBlA9cfDVXYqFdsa9E1w==",
            "tags": {},
            "tags_all": {}
          },
          "sensitive_attributes": [],
          "identity_schema_version": 0,
          "private": "eyJzY2hlbWFfdmVyc2lvbiI6IjEifQ==",
          "dependencies": [
            "tls_private_key.ssh_key"
          ]
        }
      ]
    },
    {
      "mode": "managed",
      "type": "aws_route_table",
      "name": "public",
      "provider": "provider[\"registry.terraform.io/hashicorp/aws\"]",
      "instances": [
        {
          "schema_version": 0,
          "attributes": {
            "arn": "arn:aws:ec2:ap-south-1:416153530553:route-table/rtb-049882590b8dc9eec",
            "id": "rtb-049882590b8dc9eec",
            "owner_id": "416153530553",
            "propagating_vgws": [],
            "route": [
              {
                "carrier_gateway_id": "",
                "cidr_block": "0.0.0.0/0",
                "core_network_arn": "",
                "destination_prefix_list_id": "",
                "egress_only_gateway_id": "",
                "gateway_id": "igw-08796195762ea1aaa",
                "ipv6_cidr_block": "",
                "local_gateway_id": "",
                "nat_gateway_id": "",
                "network_interface_id": "",
                "transit_gateway_id": "",
                "vpc_endpoint_id": "",
                "vpc_peering_connection_id": ""
              }
            ],
            "tags": {
              "Name": "ai-infrastructure-route-table"
            },
            "tags_all": {
              "Name": "ai-infrastructure-route-table"
            },
            "timeouts": null,
            "vpc_id": "vpc-0be3051b4a01fc16d"
          },
          "sensitive_attributes": [],
          "identity_schema_version": 0,
          "private": "eyJlMmJmYjczMC1lY2FhLTExZTYtOGY4OC0zNDM2M2JjN2M0YzAiOnsiY3JlYXRlIjozMDAwMDAwMDAwMDAsImRlbGV0ZSI6MzAwMDAwMDAwMDAwLCJ1cGRhdGUiOjEyMDAwMDAwMDAwMH19",
          "dependencies": [
            "aws_internet_gateway.main",
            "aws_vpc.main"
          ]
        }
      ]
    },
    {
      "mode": "managed",
      "type": "aws_route_table_association",
      "name": "public",
      "provider": "provider[\"registry.terraform.io/hashicorp/aws\"]",
      "instances": [
        {
          "schema_version": 0,
          "attributes": {
            "gateway_id": "",
            "id": "rtbassoc-01461583f890aea44",
            "route_table_id": "rtb-049882590b8dc9eec",
            "subnet_id": "subnet-07e312e21926b8b2c",
            "timeouts": null
          },
          "sensitive_attributes": [],
          "identity_schema_version": 0,
          "private": "eyJlMmJmYjczMC1lY2FhLTExZTYtOGY4OC0zNDM2M2JjN2M0YzAiOnsiY3JlYXRlIjozMDAwMDAwMDAwMDAsImRlbGV0ZSI6MzAwMDAwMDAwMDAwLCJ1cGRhdGUiOjEyMDAwMDAwMDAwMH19",
          "dependencies": [
            "aws_internet_gateway.main",
            "aws_route_table.public",
            "aws_subnet.public",
            "aws_vpc.main"
          ]
        }
      ]
    },
    {
      "mode": "managed",
      "type": "aws_security_group",
      "name": "ai_servers",
      "provider": "provider[\"registry.terraform.io/hashicorp/aws\"]",
      "instances": [
        {
          "schema_version": 1,
          "attributes": {
            "arn": "arn:aws:ec2:ap-south-1:416153530553:security-group/sg-0277452d2c340ecfd",
            "description": "Security group for AI servers",
            "egress": [
              {
                "cidr_blocks": [
                  "0.0.0.0/0"
                ],
                "description": "",
                "from_port": 0,
                "ipv6_cidr_blocks": [],
                "prefix_list_ids": [],
                "protocol": "-1",
                "security_groups": [],
                "self": false,
                "to_port": 0
              }
            ],
            "id": "sg-0277452d2c340ecfd",
            "ingress": [
              {
                "cidr_blocks": [
                  "0.0.0.0/0"
                ],
                "description": "Ollama API",
                "from_port": 11434,
                "ipv6_cidr_blocks": [],
                "prefix_list_ids": [],
                "protocol": "tcp",
                "security_groups": [],
                "self": false,
                "to_port": 11434
              },
              {
                "cidr_blocks": [
                  "0.0.0.0/0"
                ],
                "description": "Open WebUI",
                "from_port": 3000,
                "ipv6_cidr_blocks": [],
                "prefix_list_ids": [],
                "protocol": "tcp",
                "security_groups": [],
                "self": false,
                "to_port": 3000
              },
              {
                "cidr_blocks": [
                  "192.168.56.1/32"
                ],
                "description": "SSH",
                "from_port": 22,
                "ipv6_cidr_blocks": [],
                "prefix_list_ids": [],
                "protocol": "tcp",
                "security_groups": [],
                "self": false,
                "to_port": 22
              }
            ],
            "name": "ai-infrastructure-security-group",
            "name_prefix": "",
            "owner_id": "416153530553",
            "revoke_rules_on_delete": false,
            "tags": {
              "Name": "ai-infrastructure-sg"
            },
            "tags_all": {
              "Name": "ai-infrastructure-sg"
            },
            "timeouts": null,
            "vpc_id": "vpc-0be3051b4a01fc16d"
          },
          "sensitive_attributes": [],
          "identity_schema_version": 0,
          "private": "eyJlMmJmYjczMC1lY2FhLTExZTYtOGY4OC0zNDM2M2JjN2M0YzAiOnsiY3JlYXRlIjo2MDAwMDAwMDAwMDAsImRlbGV0ZSI6OTAwMDAwMDAwMDAwfSwic2NoZW1hX3ZlcnNpb24iOiIxIn0=",
          "dependencies": [
            "aws_vpc.main"
          ]
        }
      ]
    },
    {
      "mode": "managed",
      "type": "aws_subnet",
      "name": "public",
      "provider": "provider[\"registry.terraform.io/hashicorp/aws\"]",
      "instances": [
        {
          "schema_version": 1,
          "attributes": {
            "arn": "arn:aws:ec2:ap-south-1:416153530553:subnet/subnet-07e312e21926b8b2c",
            "assign_ipv6_address_on_creation": false,
            "availability_zone": "ap-south-1a",
            "availability_zone_id": "aps1-az1",
            "cidr_block": "10.0.1.0/24",
            "customer_owned_ipv4_pool": "",
            "enable_dns64": false,
            "enable_lni_at_device_index": 0,
            "enable_resource_name_dns_a_record_on_launch": false,
            "enable_resource_name_dns_aaaa_record_on_launch": false,
            "id": "subnet-07e312e21926b8b2c",
            "ipv6_cidr_block": "",
            "ipv6_cidr_block_association_id": "",
            "ipv6_native": false,
            "map_customer_owned_ip_on_launch": false,
            "map_public_ip_on_launch": true,
            "outpost_arn": "",
            "owner_id": "416153530553",
            "private_dns_hostname_type_on_launch": "ip-name",
            "tags": {
              "Name": "ai-infrastructure-public-subnet"
            },
            "tags_all": {
              "Name": "ai-infrastructure-public-subnet"
            },
            "timeouts": null,
            "vpc_id": "vpc-0be3051b4a01fc16d"
          },
          "sensitive_attributes": [],
          "identity_schema_version": 0,
          "private": "eyJlMmJmYjczMC1lY2FhLTExZTYtOGY4OC0zNDM2M2JjN2M0YzAiOnsiY3JlYXRlIjo2MDAwMDAwMDAwMDAsImRlbGV0ZSI6MTIwMDAwMDAwMDAwMH0sInNjaGVtYV92ZXJzaW9uIjoiMSJ9",
          "dependencies": [
            "aws_vpc.main"
          ]
        }
      ]
    },
    {
      "mode": "managed",
      "type": "aws_vpc",
      "name": "main",
      "provider": "provider[\"registry.terraform.io/hashicorp/aws\"]",
      "instances": [
        {
          "schema_version": 1,
          "attributes": {
            "arn": "arn:aws:ec2:ap-south-1:416153530553:vpc/vpc-0be3051b4a01fc16d",
            "assign_generated_ipv6_cidr_block": false,
            "cidr_block": "10.0.0.0/16",
            "default_network_acl_id": "acl-011a5f8efcc06df80",
            "default_route_table_id": "rtb-0ca062fa382559313",
            "default_security_group_id": "sg-0902d5d566e54bde2",
            "dhcp_options_id": "dopt-05d84e85cbd3982b8",
            "enable_dns_hostnames": true,
            "enable_dns_support": true,
            "enable_network_address_usage_metrics": false,
            "id": "vpc-0be3051b4a01fc16d",
            "instance_tenancy": "default",
            "ipv4_ipam_pool_id": null,
            "ipv4_netmask_length": null,
            "ipv6_association_id": "",
            "ipv6_cidr_block": "",
            "ipv6_cidr_block_network_border_group": "",
            "ipv6_ipam_pool_id": "",
            "ipv6_netmask_length": 0,
            "main_route_table_id": "rtb-0ca062fa382559313",
            "owner_id": "416153530553",
            "tags": {
              "Name": "ai-infrastructure-vpc"
            },
            "tags_all": {
              "Name": "ai-infrastructure-vpc"
            }
          },
          "sensitive_attributes": [],
          "identity_schema_version": 0,
          "private": "eyJzY2hlbWFfdmVyc2lvbiI6IjEifQ=="
        }
      ]
    },
    {
      "mode": "managed",
      "type": "local_file",
      "name": "private_key",
      "provider": "provider[\"registry.terraform.io/hashicorp/local\"]",
      "instances": [
        {
          "schema_version": 0,
          "attributes": {
            "content": "-----BEGIN RSA PRIVATE KEY-----\nMIIJKAIBAAKCAgEA0ZE6P4SUUmoHt+ph9Fp4Qff0ZhzUer4FjKbV1lY4qvJGOd/a\nYKCvME6TrqHLD83w7UIRgsHMnxwgXGjhamP3ZIeMZols8fl0oDU11tqfzJQMnIbV\nB4W9ZEpbbaxrLe/LvOqh1x2ek7EPHUlRYqldtEDDyYIYs5COmxZZR3IJpUEnLa83\nC/3MHs8jqxHVmeaWW9XCkmNPQVcsZbWjgTX2F9TLJ6Wz7ivLOfPxxGkrXEPm5g4l\nul40SsLiSkLwkVILsAPHqTCImRSGiSVocJblPvFc3YBmqu2VzJ2IIxyE7qFsQtXR\nv85JGPosVoDDSAS7/vKxCrWQeFaLytEfgvofhiPLoz3C58wNlETL55HQ3+r19j9E\nhm3mmv1/hD+Z6zaPtkcJe8iVNfFyT/93SRM+sh/pCNd/d6cbBLsPHAlB5WzIylOo\nB+yxSzvQKRGmZTCKcbv+DLxScljiBj/RRaIiwDewvTqFv2ngjNQdtl50jmMi44dY\ns9Kael5uKen19rFh2J9iFe0HPyda8oLMcsvrTqzaOSfvoYmX17amUJxnkSfYf96Q\ny7p5LI/Ud86ZouyuR0fk5oQ4RSrC/ly42YgRsRsi2m0qDnqPYloCjLn/3FQITpoo\npk3857i1+I0cgeqX8SGB0qT9qYVU29qNlwkDeQ8XwZQPXHw1V2KhXbGvRNcCAwEA\nAQKCAgBfQfmtlJiM65hNj5Lt7M+cANbNMY6dqlFAcTdjAXcpsQ2d0fRkFrX7KcR0\nTSPNr8kzN2RZQLk/m5vUFXJdF0qFHh4CH7ZvOPo7tmQeIOshJSykW59ql26Srz/m\n1sgzLbw4x5g//T0vGfzqTYDabWzj+cplBqcuu+cudJapZJsgzEBAQlQttbP6TyKB\n6I3ksk0nOj+CpfSJGVRbeRh0q7AMfhPIFkh22t46HfoH0tw8SLskWErq71Yqo3IT\n2mCaVaZtYBJ6A88bchqDLYdPIi/bEAAryOkiCfOc+gA/IYAFLkfVC3cXje9pFJJh\n0Y6yZkCD7xHtccFVCdXqH2uI8COyVWVznezoZNZJFbGC7Q2uWH8Fn8NDnNfH93oZ\n+li2XvkWlvcao/QMLN3STd7h7+siIKV+pjoSYFOl7Zwk/L1ICKn7ITKeMtA3pr15\nNnnMFRvipVl/EoNNsWIm3t6EL1nRAXpoDm3oKIfUUrIZI8hgdTX1vu3qHKTqUm6n\nCY9YKxwmY2+ymQX0n50aTXntIVtlD//NqJmqy8X43mkeox6eaFAf1oL6e15zFfOj\nuw0RcWrVTcVPwitoiQ7U7tzBIZlGbaPsuJx+A0qJ5egqFnsl61eEkJMQSHBqK6nb\nShTKvEHdW7H/h3UCYFgIkF9I35p80RwGJacEsri+kCSlNOshdQKCAQEA7LspqJYW\naX/L6oGeSM5RddEoGMw/lOtOEFbccyBPc6ZT6DlXjuWDNSkym3uk3lkSH9zmxB+g\nh5cSppuidL/z8hj7bya3v6vvm5ZYeWoVraJqIcWy9HqLwxTBQIeZ+fn/dut2yw+l\nwMg9iaORkwX1u/Fl7vve66+fcGO9oTF7Gd+RcUEBSpegGQO8aLI8r3M3t8HSMwqH\nDySsTzjPEP7EWoUH7u/djAcJ5qfQHGV4tpYMZUPCvBUSQ987jqRdgF7ij4PBegT4\nylf91XsVKURVINpzYtMSBzAVqfZhC/Fu4XR+r0fpdqExmAgL4MnzXuPzxrwjucQJ\nMW8Ib0eRL6IUHQKCAQEA4qALWVVGI+ebtX5ao7TNWlUw0MvshxBSeKvqPI5LtckF\nJWxRJM1bpfsZsHkpY13Oeffvfvb5w9EdP252yKxE1FBcSDcEkLzkdVaXTAx02ftL\nX8PX3K4ALgAtDznDZMSWOHjY7ZuJotbCPlFcGZl8LE0A5Ng1xww1FkJWdGB9V02a\neAvubxWVplJHgN4L42TvZt4Y6hTTI4gV0VyPGVXWgleP477GsNIHH5akn0uS8SiQ\nipl+2Cis7ojtJOd3gKMwCnb5mHnVhGsiHpUWh3QkRSYhphVoUNlAEpbrJrYDc2KN\nq5k5pvoPVuQKJZE35r+DZUBD4mwiAWt+JLt3frXCgwKCAQEA6Cs+1fosjNcrFBh/\nNgQyXAv++SMHkHOdoeSuW7JqeY+8ZtomBx0Mq0x2N4rxzKcqYVlycRJbi98cCY5F\nq56+Dsd1gDNGrpJfcgXnS1xBWoMY93o+4gp1m6N1TGYxGrqWUvjnDouQEhvQTna+\nxKRptiMvx0v5+sfI5J7NUZOHmX5r09je/VrrRt0lIMD9R00Gbg+GqUw/3RgobaHX\nYmGaDPS/LRTOARC+Ixqdvdu+ocNS8NWd3HwF5869SE3m7YkhRYMAcz0BCuF1LrOB\ns3Ey0/+qfldnLOl5tbDOyLnF9xMbU6iBTTkVvHbXv2QQbRW+9T97AitCoNq2OPzF\nZSPd+QKCAQAETFrKv/ZLmgn3AEWB010NuI3rd+KtkR6vUTtpGJ3Q/dYOJqbHVunF\nFSUglru1OcM/xvcQ5mhIUYAHgvXXyoSnrjqB2CFLCXofy5ulApt4wu5kC5fdhKNW\nPASexE6za5MZ0Rj0ML4Ei6Q1gF+J0MJtKKy6qmsislWTbYCsRmQ6MquaWUeVbchf\n1jGq/QsmrfRodA/u6KQ0iVE4nlPMfDdMU5LUE/s6wVEHRVkr+Ef6MPXE2zJvsR3O\njGRLDeTTWMUBfc4wGSd2kn2cLOG3gflqIlYDC2bmGajAcYJWQp+AIb9kIMzaIOYH\nlN2oZr+zrbA1TGm9MqXWdw52bePPUG03AoIBAGBZnADQ7qlCQtirulpN2abpGFI4\nG789ryfkw/eN5wxnZM0Mh4yF1zddQPxkBF0ZxcnCK85B2lMVbrZIvS41Y23iH0h4\nie388+JOTgIFOtcu1uEtbdryb1POkY88koEqgyhIpXQy0Sul6Wr7DFIox9u1jOC+\nbqe5jVhVbOWsW8541r7SE0ZXyWQQ1CSbhlvsQLIruxZZ0EhIjbeuVw/tYitsTkLT\nzadC+pwr01ra0UYP7LoN54+sikXYw9DpW7fo8TFBrRmrr25wwJYf+jVychnMc/jq\nDPzx14a3jlwcukaArWRt4sC/qrxCaDyIquClnNPD9tcsRLriXw8JonNQ+wY=\n-----END RSA PRIVATE KEY-----\n",
            "content_base64": null,
            "content_base64sha256": "SR7DpTj6SRVNJ+Brg9bplDNRxoTqgMKQ8m1yiAAL0FE=",
            "content_base64sha512": "uOqT3mE/uyoYSHxBkjXTTDTh91MbFo593/9xHnG02LnJvQsZHw687JKkTAZhIR5ITkD6lsnuOyn/HOv9tRC4MQ==",
            "content_md5": "7c88ecad46dfc634679898cfb3e2102e",
            "content_sha1": "67c40495bab7627a67a698c41be0cfc9b6b7ba69",
            "content_sha256": "491ec3a538fa49154d27e06b83d6e9943351c684ea80c290f26d7288000bd051",
            "content_sha512": "b8ea93de613fbb2a18487c419235d34c34e1f7531b168e7ddfff711e71b4d8b9c9bd0b191f0ebcec92a44c0661211e484e40fa96c9ee3b29ff1cebfdb510b831",
            "directory_permission": "0777",
            "file_permission": "0400",
            "filename": "./ai-server-key.pem",
            "id": "67c40495bab7627a67a698c41be0cfc9b6b7ba69",
            "sensitive_content": null,
            "source": null
          },
          "sensitive_attributes": [
            [
              {
                "type": "get_attr",
                "value": "content"
              }
            ],
            [
              {
                "type": "get_attr",
                "value": "sensitive_content"
              }
            ]
          ],
          "identity_schema_version": 0,
          "dependencies": [
            "tls_private_key.ssh_key"
          ]
        }
      ]
    },
    {
      "mode": "managed",
      "type": "tls_private_key",
      "name": "ssh_key",
      "provider": "provider[\"registry.terraform.io/hashicorp/tls\"]",
      "instances": [
        {
          "schema_version": 1,
          "attributes": {
            "algorithm": "RSA",
            "ecdsa_curve": "P224",
            "id": "4f698b1349095783649ac5262bbd2a13db868e76",
            "private_key_openssh": "-----BEGIN OPENSSH PRIVATE KEY-----\nb3BlbnNzaC1rZXktdjEAAAAABG5vbmUAAAAEbm9uZQAAAAAAAAABAAACFwAAAAdz\nc2gtcnNhAAAAAwEAAQAAAgEA0ZE6P4SUUmoHt+ph9Fp4Qff0ZhzUer4FjKbV1lY4\nqvJGOd/aYKCvME6TrqHLD83w7UIRgsHMnxwgXGjhamP3ZIeMZols8fl0oDU11tqf\nzJQMnIbVB4W9ZEpbbaxrLe/LvOqh1x2ek7EPHUlRYqldtEDDyYIYs5COmxZZR3IJ\npUEnLa83C/3MHs8jqxHVmeaWW9XCkmNPQVcsZbWjgTX2F9TLJ6Wz7ivLOfPxxGkr\nXEPm5g4lul40SsLiSkLwkVILsAPHqTCImRSGiSVocJblPvFc3YBmqu2VzJ2IIxyE\n7qFsQtXRv85JGPosVoDDSAS7/vKxCrWQeFaLytEfgvofhiPLoz3C58wNlETL55HQ\n3+r19j9Ehm3mmv1/hD+Z6zaPtkcJe8iVNfFyT/93SRM+sh/pCNd/d6cbBLsPHAlB\n5WzIylOoB+yxSzvQKRGmZTCKcbv+DLxScljiBj/RRaIiwDewvTqFv2ngjNQdtl50\njmMi44dYs9Kael5uKen19rFh2J9iFe0HPyda8oLMcsvrTqzaOSfvoYmX17amUJxn\nkSfYf96Qy7p5LI/Ud86ZouyuR0fk5oQ4RSrC/ly42YgRsRsi2m0qDnqPYloCjLn/\n3FQITpoopk3857i1+I0cgeqX8SGB0qT9qYVU29qNlwkDeQ8XwZQPXHw1V2KhXbGv\nRNcAAAc4ScoNbEnKDWwAAAAHc3NoLXJzYQAAAgEA0ZE6P4SUUmoHt+ph9Fp4Qff0\nZhzUer4FjKbV1lY4qvJGOd/aYKCvME6TrqHLD83w7UIRgsHMnxwgXGjhamP3ZIeM\nZols8fl0oDU11tqfzJQMnIbVB4W9ZEpbbaxrLe/LvOqh1x2ek7EPHUlRYqldtEDD\nyYIYs5COmxZZR3IJpUEnLa83C/3MHs8jqxHVmeaWW9XCkmNPQVcsZbWjgTX2F9TL\nJ6Wz7ivLOfPxxGkrXEPm5g4lul40SsLiSkLwkVILsAPHqTCImRSGiSVocJblPvFc\n3YBmqu2VzJ2IIxyE7qFsQtXRv85JGPosVoDDSAS7/vKxCrWQeFaLytEfgvofhiPL\noz3C58wNlETL55HQ3+r19j9Ehm3mmv1/hD+Z6zaPtkcJe8iVNfFyT/93SRM+sh/p\nCNd/d6cbBLsPHAlB5WzIylOoB+yxSzvQKRGmZTCKcbv+DLxScljiBj/RRaIiwDew\nvTqFv2ngjNQdtl50jmMi44dYs9Kael5uKen19rFh2J9iFe0HPyda8oLMcsvrTqza\nOSfvoYmX17amUJxnkSfYf96Qy7p5LI/Ud86ZouyuR0fk5oQ4RSrC/ly42YgRsRsi\n2m0qDnqPYloCjLn/3FQITpoopk3857i1+I0cgeqX8SGB0qT9qYVU29qNlwkDeQ8X\nwZQPXHw1V2KhXbGvRNcAAAADAQABAAACAF9B+a2UmIzrmE2Pku3sz5wA1s0xjp2q\nUUBxN2MBdymxDZ3R9GQWtfspxHRNI82vyTM3ZFlAuT+bm9QVcl0XSoUeHgIftm84\n+ju2ZB4g6yElLKRbn2qXbpKvP+bWyDMtvDjHmD/9PS8Z/OpNgNptbOP5ymUGpy67\n5y50lqlkmyDMQEBCVC21s/pPIoHojeSyTSc6P4Kl9IkZVFt5GHSrsAx+E8gWSHba\n3jod+gfS3DxIuyRYSurvViqjchPaYJpVpm1gEnoDzxtyGoMth08iL9sQACvI6SIJ\n85z6AD8hgAUuR9ULdxeN72kUkmHRjrJmQIPvEe1xwVUJ1eofa4jwI7JVZXOd7Ohk\n1kkVsYLtDa5YfwWfw0Oc18f3ehn6WLZe+RaW9xqj9Aws3dJN3uHv6yIgpX6mOhJg\nU6XtnCT8vUgIqfshMp4y0DemvXk2ecwVG+KlWX8Sg02xYibe3oQvWdEBemgObego\nh9RSshkjyGB1NfW+7eocpOpSbqcJj1grHCZjb7KZBfSfnRpNee0hW2UP/82omarL\nxfjeaR6jHp5oUB/Wgvp7XnMV86O7DRFxatVNxU/CK2iJDtTu3MEhmUZto+y4nH4D\nSonl6CoWeyXrV4SQkxBIcGorqdtKFMq8Qd1bsf+HdQJgWAiQX0jfmnzRHAYlpwSy\nuL6QJKU06yF1AAABAGBZnADQ7qlCQtirulpN2abpGFI4G789ryfkw/eN5wxnZM0M\nh4yF1zddQPxkBF0ZxcnCK85B2lMVbrZIvS41Y23iH0h4ie388+JOTgIFOtcu1uEt\nbdryb1POkY88koEqgyhIpXQy0Sul6Wr7DFIox9u1jOC+bqe5jVhVbOWsW8541r7S\nE0ZXyWQQ1CSbhlvsQLIruxZZ0EhIjbeuVw/tYitsTkLTzadC+pwr01ra0UYP7LoN\n54+sikXYw9DpW7fo8TFBrRmrr25wwJYf+jVychnMc/jqDPzx14a3jlwcukaArWRt\n4sC/qrxCaDyIquClnNPD9tcsRLriXw8JonNQ+wYAAAEBAOy7KaiWFml/y+qBnkjO\nUXXRKBjMP5TrThBW3HMgT3OmU+g5V47lgzUpMpt7pN5ZEh/c5sQfoIeXEqabonS/\n8/IY+28mt7+r75uWWHlqFa2iaiHFsvR6i8MUwUCHmfn5/3brdssPpcDIPYmjkZMF\n9bvxZe773uuvn3BjvaExexnfkXFBAUqXoBkDvGiyPK9zN7fB0jMKhw8krE84zxD+\nxFqFB+7v3YwHCean0BxleLaWDGVDwrwVEkPfO46kXYBe4o+DwXoE+MpX/dV7FSlE\nVSDac2LTEgcwFan2YQvxbuF0fq9H6XahMZgIC+DJ817j88a8I7nECTFvCG9HkS+i\nFB0AAAEBAOKgC1lVRiPnm7V+WqO0zVpVMNDL7IcQUnir6jyOS7XJBSVsUSTNW6X7\nGbB5KWNdznn37372+cPRHT9udsisRNRQXEg3BJC85HVWl0wMdNn7S1/D19yuAC4A\nLQ85w2TEljh42O2biaLWwj5RXBmZfCxNAOTYNccMNRZCVnRgfVdNmngL7m8VlaZS\nR4DeC+Nk72beGOoU0yOIFdFcjxlV1oJXj+O+xrDSBx+WpJ9LkvEokIqZftgorO6I\n7STnd4CjMAp2+Zh51YRrIh6VFod0JEUmIaYVaFDZQBKW6ya2A3NijauZOab6D1bk\nCiWRN+a/g2VAQ+JsIgFrfiS7d361woMAAAAAAQID\n-----END OPENSSH PRIVATE KEY-----\n",
            "private_key_pem": "-----BEGIN RSA PRIVATE KEY-----\nMIIJKAIBAAKCAgEA0ZE6P4SUUmoHt+ph9Fp4Qff0ZhzUer4FjKbV1lY4qvJGOd/a\nYKCvME6TrqHLD83w7UIRgsHMnxwgXGjhamP3ZIeMZols8fl0oDU11tqfzJQMnIbV\nB4W9ZEpbbaxrLe/LvOqh1x2ek7EPHUlRYqldtEDDyYIYs5COmxZZR3IJpUEnLa83\nC/3MHs8jqxHVmeaWW9XCkmNPQVcsZbWjgTX2F9TLJ6Wz7ivLOfPxxGkrXEPm5g4l\nul40SsLiSkLwkVILsAPHqTCImRSGiSVocJblPvFc3YBmqu2VzJ2IIxyE7qFsQtXR\nv85JGPosVoDDSAS7/vKxCrWQeFaLytEfgvofhiPLoz3C58wNlETL55HQ3+r19j9E\nhm3mmv1/hD+Z6zaPtkcJe8iVNfFyT/93SRM+sh/pCNd/d6cbBLsPHAlB5WzIylOo\nB+yxSzvQKRGmZTCKcbv+DLxScljiBj/RRaIiwDewvTqFv2ngjNQdtl50jmMi44dY\ns9Kael5uKen19rFh2J9iFe0HPyda8oLMcsvrTqzaOSfvoYmX17amUJxnkSfYf96Q\ny7p5LI/Ud86ZouyuR0fk5oQ4RSrC/ly42YgRsRsi2m0qDnqPYloCjLn/3FQITpoo\npk3857i1+I0cgeqX8SGB0qT9qYVU29qNlwkDeQ8XwZQPXHw1V2KhXbGvRNcCAwEA\nAQKCAgBfQfmtlJiM65hNj5Lt7M+cANbNMY6dqlFAcTdjAXcpsQ2d0fRkFrX7KcR0\nTSPNr8kzN2RZQLk/m5vUFXJdF0qFHh4CH7ZvOPo7tmQeIOshJSykW59ql26Srz/m\n1sgzLbw4x5g//T0vGfzqTYDabWzj+cplBqcuu+cudJapZJsgzEBAQlQttbP6TyKB\n6I3ksk0nOj+CpfSJGVRbeRh0q7AMfhPIFkh22t46HfoH0tw8SLskWErq71Yqo3IT\n2mCaVaZtYBJ6A88bchqDLYdPIi/bEAAryOkiCfOc+gA/IYAFLkfVC3cXje9pFJJh\n0Y6yZkCD7xHtccFVCdXqH2uI8COyVWVznezoZNZJFbGC7Q2uWH8Fn8NDnNfH93oZ\n+li2XvkWlvcao/QMLN3STd7h7+siIKV+pjoSYFOl7Zwk/L1ICKn7ITKeMtA3pr15\nNnnMFRvipVl/EoNNsWIm3t6EL1nRAXpoDm3oKIfUUrIZI8hgdTX1vu3qHKTqUm6n\nCY9YKxwmY2+ymQX0n50aTXntIVtlD//NqJmqy8X43mkeox6eaFAf1oL6e15zFfOj\nuw0RcWrVTcVPwitoiQ7U7tzBIZlGbaPsuJx+A0qJ5egqFnsl61eEkJMQSHBqK6nb\nShTKvEHdW7H/h3UCYFgIkF9I35p80RwGJacEsri+kCSlNOshdQKCAQEA7LspqJYW\naX/L6oGeSM5RddEoGMw/lOtOEFbccyBPc6ZT6DlXjuWDNSkym3uk3lkSH9zmxB+g\nh5cSppuidL/z8hj7bya3v6vvm5ZYeWoVraJqIcWy9HqLwxTBQIeZ+fn/dut2yw+l\nwMg9iaORkwX1u/Fl7vve66+fcGO9oTF7Gd+RcUEBSpegGQO8aLI8r3M3t8HSMwqH\nDySsTzjPEP7EWoUH7u/djAcJ5qfQHGV4tpYMZUPCvBUSQ987jqRdgF7ij4PBegT4\nylf91XsVKURVINpzYtMSBzAVqfZhC/Fu4XR+r0fpdqExmAgL4MnzXuPzxrwjucQJ\nMW8Ib0eRL6IUHQKCAQEA4qALWVVGI+ebtX5ao7TNWlUw0MvshxBSeKvqPI5LtckF\nJWxRJM1bpfsZsHkpY13Oeffvfvb5w9EdP252yKxE1FBcSDcEkLzkdVaXTAx02ftL\nX8PX3K4ALgAtDznDZMSWOHjY7ZuJotbCPlFcGZl8LE0A5Ng1xww1FkJWdGB9V02a\neAvubxWVplJHgN4L42TvZt4Y6hTTI4gV0VyPGVXWgleP477GsNIHH5akn0uS8SiQ\nipl+2Cis7ojtJOd3gKMwCnb5mHnVhGsiHpUWh3QkRSYhphVoUNlAEpbrJrYDc2KN\nq5k5pvoPVuQKJZE35r+DZUBD4mwiAWt+JLt3frXCgwKCAQEA6Cs+1fosjNcrFBh/\nNgQyXAv++SMHkHOdoeSuW7JqeY+8ZtomBx0Mq0x2N4rxzKcqYVlycRJbi98cCY5F\nq56+Dsd1gDNGrpJfcgXnS1xBWoMY93o+4gp1m6N1TGYxGrqWUvjnDouQEhvQTna+\nxKRptiMvx0v5+sfI5J7NUZOHmX5r09je/VrrRt0lIMD9R00Gbg+GqUw/3RgobaHX\nYmGaDPS/LRTOARC+Ixqdvdu+ocNS8NWd3HwF5869SE3m7YkhRYMAcz0BCuF1LrOB\ns3Ey0/+qfldnLOl5tbDOyLnF9xMbU6iBTTkVvHbXv2QQbRW+9T97AitCoNq2OPzF\nZSPd+QKCAQAETFrKv/ZLmgn3AEWB010NuI3rd+KtkR6vUTtpGJ3Q/dYOJqbHVunF\nFSUglru1OcM/xvcQ5mhIUYAHgvXXyoSnrjqB2CFLCXofy5ulApt4wu5kC5fdhKNW\nPASexE6za5MZ0Rj0ML4Ei6Q1gF+J0MJtKKy6qmsislWTbYCsRmQ6MquaWUeVbchf\n1jGq/QsmrfRodA/u6KQ0iVE4nlPMfDdMU5LUE/s6wVEHRVkr+Ef6MPXE2zJvsR3O\njGRLDeTTWMUBfc4wGSd2kn2cLOG3gflqIlYDC2bmGajAcYJWQp+AIb9kIMzaIOYH\nlN2oZr+zrbA1TGm9MqXWdw52bePPUG03AoIBAGBZnADQ7qlCQtirulpN2abpGFI4\nG789ryfkw/eN5wxnZM0Mh4yF1zddQPxkBF0ZxcnCK85B2lMVbrZIvS41Y23iH0h4\nie388+JOTgIFOtcu1uEtbdryb1POkY88koEqgyhIpXQy0Sul6Wr7DFIox9u1jOC+\nbqe5jVhVbOWsW8541r7SE0ZXyWQQ1CSbhlvsQLIruxZZ0EhIjbeuVw/tYitsTkLT\nzadC+pwr01ra0UYP7LoN54+sikXYw9DpW7fo8TFBrRmrr25wwJYf+jVychnMc/jq\nDPzx14a3jlwcukaArWRt4sC/qrxCaDyIquClnNPD9tcsRLriXw8JonNQ+wY=\n-----END RSA PRIVATE KEY-----\n",
            "private_key_pem_pkcs8": "-----BEGIN PRIVATE KEY-----\nMIIJQgIBADANBgkqhkiG9w0BAQEFAASCCSwwggkoAgEAAoICAQDRkTo/hJRSage3\n6mH0WnhB9/RmHNR6vgWMptXWVjiq8kY539pgoK8wTpOuocsPzfDtQhGCwcyfHCBc\naOFqY/dkh4xmiWzx+XSgNTXW2p/MlAychtUHhb1kSlttrGst78u86qHXHZ6TsQ8d\nSVFiqV20QMPJghizkI6bFllHcgmlQSctrzcL/cwezyOrEdWZ5pZb1cKSY09BVyxl\ntaOBNfYX1MsnpbPuK8s58/HEaStcQ+bmDiW6XjRKwuJKQvCRUguwA8epMIiZFIaJ\nJWhwluU+8VzdgGaq7ZXMnYgjHITuoWxC1dG/zkkY+ixWgMNIBLv+8rEKtZB4VovK\n0R+C+h+GI8ujPcLnzA2URMvnkdDf6vX2P0SGbeaa/X+EP5nrNo+2Rwl7yJU18XJP\n/3dJEz6yH+kI1393pxsEuw8cCUHlbMjKU6gH7LFLO9ApEaZlMIpxu/4MvFJyWOIG\nP9FFoiLAN7C9OoW/aeCM1B22XnSOYyLjh1iz0pp6Xm4p6fX2sWHYn2IV7Qc/J1ry\ngsxyy+tOrNo5J++hiZfXtqZQnGeRJ9h/3pDLunksj9R3zpmi7K5HR+TmhDhFKsL+\nXLjZiBGxGyLabSoOeo9iWgKMuf/cVAhOmiimTfznuLX4jRyB6pfxIYHSpP2phVTb\n2o2XCQN5DxfBlA9cfDVXYqFdsa9E1wIDAQABAoICAF9B+a2UmIzrmE2Pku3sz5wA\n1s0xjp2qUUBxN2MBdymxDZ3R9GQWtfspxHRNI82vyTM3ZFlAuT+bm9QVcl0XSoUe\nHgIftm84+ju2ZB4g6yElLKRbn2qXbpKvP+bWyDMtvDjHmD/9PS8Z/OpNgNptbOP5\nymUGpy675y50lqlkmyDMQEBCVC21s/pPIoHojeSyTSc6P4Kl9IkZVFt5GHSrsAx+\nE8gWSHba3jod+gfS3DxIuyRYSurvViqjchPaYJpVpm1gEnoDzxtyGoMth08iL9sQ\nACvI6SIJ85z6AD8hgAUuR9ULdxeN72kUkmHRjrJmQIPvEe1xwVUJ1eofa4jwI7JV\nZXOd7Ohk1kkVsYLtDa5YfwWfw0Oc18f3ehn6WLZe+RaW9xqj9Aws3dJN3uHv6yIg\npX6mOhJgU6XtnCT8vUgIqfshMp4y0DemvXk2ecwVG+KlWX8Sg02xYibe3oQvWdEB\nemgObegoh9RSshkjyGB1NfW+7eocpOpSbqcJj1grHCZjb7KZBfSfnRpNee0hW2UP\n/82omarLxfjeaR6jHp5oUB/Wgvp7XnMV86O7DRFxatVNxU/CK2iJDtTu3MEhmUZt\no+y4nH4DSonl6CoWeyXrV4SQkxBIcGorqdtKFMq8Qd1bsf+HdQJgWAiQX0jfmnzR\nHAYlpwSyuL6QJKU06yF1AoIBAQDsuymolhZpf8vqgZ5IzlF10SgYzD+U604QVtxz\nIE9zplPoOVeO5YM1KTKbe6TeWRIf3ObEH6CHlxKmm6J0v/PyGPtvJre/q++bllh5\nahWtomohxbL0eovDFMFAh5n5+f9263bLD6XAyD2Jo5GTBfW78WXu+97rr59wY72h\nMXsZ35FxQQFKl6AZA7xosjyvcze3wdIzCocPJKxPOM8Q/sRahQfu792MBwnmp9Ac\nZXi2lgxlQ8K8FRJD3zuOpF2AXuKPg8F6BPjKV/3VexUpRFUg2nNi0xIHMBWp9mEL\n8W7hdH6vR+l2oTGYCAvgyfNe4/PGvCO5xAkxbwhvR5EvohQdAoIBAQDioAtZVUYj\n55u1flqjtM1aVTDQy+yHEFJ4q+o8jku1yQUlbFEkzVul+xmweSljXc559+9+9vnD\n0R0/bnbIrETUUFxINwSQvOR1VpdMDHTZ+0tfw9fcrgAuAC0POcNkxJY4eNjtm4mi\n1sI+UVwZmXwsTQDk2DXHDDUWQlZ0YH1XTZp4C+5vFZWmUkeA3gvjZO9m3hjqFNMj\niBXRXI8ZVdaCV4/jvsaw0gcflqSfS5LxKJCKmX7YKKzuiO0k53eAozAKdvmYedWE\nayIelRaHdCRFJiGmFWhQ2UASlusmtgNzYo2rmTmm+g9W5AolkTfmv4NlQEPibCIB\na34ku3d+tcKDAoIBAQDoKz7V+iyM1ysUGH82BDJcC/75IweQc52h5K5bsmp5j7xm\n2iYHHQyrTHY3ivHMpyphWXJxEluL3xwJjkWrnr4Ox3WAM0aukl9yBedLXEFagxj3\nej7iCnWbo3VMZjEaupZS+OcOi5ASG9BOdr7EpGm2Iy/HS/n6x8jkns1Rk4eZfmvT\n2N79WutG3SUgwP1HTQZuD4apTD/dGChtoddiYZoM9L8tFM4BEL4jGp29276hw1Lw\n1Z3cfAXnzr1ITebtiSFFgwBzPQEK4XUus4GzcTLT/6p+V2cs6Xm1sM7IucX3ExtT\nqIFNORW8dte/ZBBtFb71P3sCK0Kg2rY4/MVlI935AoIBAARMWsq/9kuaCfcARYHT\nXQ24jet34q2RHq9RO2kYndD91g4mpsdW6cUVJSCWu7U5wz/G9xDmaEhRgAeC9dfK\nhKeuOoHYIUsJeh/Lm6UCm3jC7mQLl92Eo1Y8BJ7ETrNrkxnRGPQwvgSLpDWAX4nQ\nwm0orLqqayKyVZNtgKxGZDoyq5pZR5VtyF/WMar9Cyat9Gh0D+7opDSJUTieU8x8\nN0xTktQT+zrBUQdFWSv4R/ow9cTbMm+xHc6MZEsN5NNYxQF9zjAZJ3aSfZws4beB\n+WoiVgMLZuYZqMBxglZCn4Ahv2QgzNog5geU3ahmv7OtsDVMab0ypdZ3DnZt489Q\nbTcCggEAYFmcANDuqUJC2Ku6Wk3ZpukYUjgbvz2vJ+TD943nDGdkzQyHjIXXN11A\n/GQEXRnFycIrzkHaUxVutki9LjVjbeIfSHiJ7fzz4k5OAgU61y7W4S1t2vJvU86R\njzySgSqDKEildDLRK6XpavsMUijH27WM4L5up7mNWFVs5axbznjWvtITRlfJZBDU\nJJuGW+xAsiu7FlnQSEiNt65XD+1iK2xOQtPNp0L6nCvTWtrRRg/sug3nj6yKRdjD\n0Olbt+jxMUGtGauvbnDAlh/6NXJyGcxz+OoM/PHXhreOXBy6RoCtZG3iwL+qvEJo\nPIiq4KWc08P21yxEuuJfDwmic1D7Bg==\n-----END PRIVATE KEY-----\n",
            "public_key_fingerprint_md5": "dc:b6:22:29:3d:0e:08:1d:6c:5d:d7:11:98:b6:63:65",
            "public_key_fingerprint_sha256": "SHA256:Tnybcs+2+7DyP/TLQjRV/v6CUAe6pfNCmhMktm8NOqw",
            "public_key_openssh": "ssh-rsa AAAAB3NzaC1yc2EAAAADAQABAAACAQDRkTo/hJRSage36mH0WnhB9/RmHNR6vgWMptXWVjiq8kY539pgoK8wTpOuocsPzfDtQhGCwcyfHCBcaOFqY/dkh4xmiWzx+XSgNTXW2p/MlAychtUHhb1kSlttrGst78u86qHXHZ6TsQ8dSVFiqV20QMPJghizkI6bFllHcgmlQSctrzcL/cwezyOrEdWZ5pZb1cKSY09BVyxltaOBNfYX1MsnpbPuK8s58/HEaStcQ+bmDiW6XjRKwuJKQvCRUguwA8epMIiZFIaJJWhwluU+8VzdgGaq7ZXMnYgjHITuoWxC1dG/zkkY+ixWgMNIBLv+8rEKtZB4VovK0R+C+h+GI8ujPcLnzA2URMvnkdDf6vX2P0SGbeaa/X+EP5nrNo+2Rwl7yJU18XJP/3dJEz6yH+kI1393pxsEuw8cCUHlbMjKU6gH7LFLO9ApEaZlMIpxu/4MvFJyWOIGP9FFoiLAN7C9OoW/aeCM1B22XnSOYyLjh1iz0pp6Xm4p6fX2sWHYn2IV7Qc/J1rygsxyy+tOrNo5J++hiZfXtqZQnGeRJ9h/3pDLunksj9R3zpmi7K5HR+TmhDhFKsL+XLjZiBGxGyLabSoOeo9iWgKMuf/cVAhOmiimTfznuLX4jRyB6pfxIYHSpP2phVTb2o2XCQN5DxfBlA9cfDVXYqFdsa9E1w==\n",
            "public_key_pem": "-----BEGIN PUBLIC KEY-----\nMIICIjANBgkqhkiG9w0BAQEFAAOCAg8AMIICCgKCAgEA0ZE6P4SUUmoHt+ph9Fp4\nQff0ZhzUer4FjKbV1lY4qvJGOd/aYKCvME6TrqHLD83w7UIRgsHMnxwgXGjhamP3\nZIeMZols8fl0oDU11tqfzJQMnIbVB4W9ZEpbbaxrLe/LvOqh1x2ek7EPHUlRYqld\ntEDDyYIYs5COmxZZR3IJpUEnLa83C/3MHs8jqxHVmeaWW9XCkmNPQVcsZbWjgTX2\nF9TLJ6Wz7ivLOfPxxGkrXEPm5g4lul40SsLiSkLwkVILsAPHqTCImRSGiSVocJbl\nPvFc3YBmqu2VzJ2IIxyE7qFsQtXRv85JGPosVoDDSAS7/vKxCrWQeFaLytEfgvof\nhiPLoz3C58wNlETL55HQ3+r19j9Ehm3mmv1/hD+Z6zaPtkcJe8iVNfFyT/93SRM+\nsh/pCNd/d6cbBLsPHAlB5WzIylOoB+yxSzvQKRGmZTCKcbv+DLxScljiBj/RRaIi\nwDewvTqFv2ngjNQdtl50jmMi44dYs9Kael5uKen19rFh2J9iFe0HPyda8oLMcsvr\nTqzaOSfvoYmX17amUJxnkSfYf96Qy7p5LI/Ud86ZouyuR0fk5oQ4RSrC/ly42YgR\nsRsi2m0qDnqPYloCjLn/3FQITpoopk3857i1+I0cgeqX8SGB0qT9qYVU29qNlwkD\neQ8XwZQPXHw1V2KhXbGvRNcCAwEAAQ==\n-----END PUBLIC KEY-----\n",
            "rsa_bits": 4096
          },
          "sensitive_attributes": [
            [
              {
                "type": "get_attr",
                "value": "private_key_openssh"
              }
            ],
            [
              {
                "type": "get_attr",
                "value": "private_key_pem"
              }
            ],
            [
              {
                "type": "get_attr",
                "value": "private_key_pem_pkcs8"
              }
            ]
          ],
          "identity_schema_version": 0
        }
      ]
    }
  ],
  "check_results": null
}
